{
    "_meta": {
        "hash": {
            "sha256": "09fe5ca7fba3544e5f791bd1426e9d4f31fa3cf5be0245ff2e4641c54fd0ece1"
        },
        "pipfile-spec": 6,
        "requires": {
            "python_full_version": "3.11",
            "python_version": "3.10"
        },
        "sources": [
            {
                "name": "pypi",
                "url": "https://pypi.org/simple",
                "verify_ssl": true
            }
        ]
    },
    "default": {
        "anyio": {
            "hashes": [
                "sha256:25ea0d673ae30af41a0c442f81cf3b38c7e79fdc7b60335a4c14e05eb0947421",
                "sha256:fbbe32bd270d2a2ef3ed1c5d45041250284e31fc0a4df4a5a6071842051a51e3"
            ],
            "index": "pypi",
            "version": "==3.6.2"
        },
        "click": {
            "hashes": [
                "sha256:7682dc8afb30297001674575ea00d1814d808d6a36af415a82bd481d37ba7b8e",
                "sha256:bb4d8133cb15a609f44e8213d9b391b0809795062913b383c62be0ee95b1db48"
            ],
            "index": "pypi",
            "version": "==8.1.3"
        },
        "fastapi": {
            "hashes": [
                "sha256:9569f0a381f8a457ec479d90fa01005cfddaae07546eb1f3fa035bc4797ae7d5",
                "sha256:a870d443e5405982e1667dfe372663abf10754f246866056336d7f01c21dab07"
            ],
            "index": "pypi",
            "version": "==0.95.1"
        },
        "flake8": {
            "hashes": [
                "sha256:3833794e27ff64ea4e9cf5d410082a8b97ff1a06c16aa3d2027339cd0f1195c7",
                "sha256:c61007e76655af75e6785a931f452915b371dc48f56efd765247c8fe68f2b181"
            ],
            "index": "pypi",
            "version": "==6.0.0"
        },
        "h11": {
            "hashes": [
                "sha256:8f19fbbe99e72420ff35c00b27a34cb9937e902a8b810e2c88300c6f0a3b699d",
                "sha256:e3fe4ac4b851c468cc8363d500db52c2ead036020723024a109d37346efaa761"
            ],
            "index": "pypi",
            "version": "==0.14.0"
        },
        "idna": {
            "hashes": [
                "sha256:814f528e8dead7d329833b91c5faa87d60bf71824cd12a7530b5526063d02cb4",
                "sha256:90b77e79eaa3eba6de819a0c442c0b4ceefc341a7a2ab77d7562bf49f425c5c2"
            ],
            "index": "pypi",
            "version": "==3.4"
        },
        "mccabe": {
            "hashes": [
                "sha256:348e0240c33b60bbdf4e523192ef919f28cb2c3d7d5c7794f74009290f236325",
                "sha256:6c2d30ab6be0e4a46919781807b4f0d834ebdd6c6e3dca0bda5a15f863427b6e"
            ],
            "markers": "python_version >= '3.6'",
            "version": "==0.7.0"
        },
        "mypy": {
            "hashes": [
                "sha256:023fe9e618182ca6317ae89833ba422c411469156b690fde6a315ad10695a521",
                "sha256:031fc69c9a7e12bcc5660b74122ed84b3f1c505e762cc4296884096c6d8ee140",
                "sha256:2de7babe398cb7a85ac7f1fd5c42f396c215ab3eff731b4d761d68d0f6a80f48",
                "sha256:2e93a8a553e0394b26c4ca683923b85a69f7ccdc0139e6acd1354cc884fe0128",
                "sha256:390bc685ec209ada4e9d35068ac6988c60160b2b703072d2850457b62499e336",
                "sha256:3a2d219775a120581a0ae8ca392b31f238d452729adbcb6892fa89688cb8306a",
                "sha256:3efde4af6f2d3ccf58ae825495dbb8d74abd6d176ee686ce2ab19bd025273f41",
                "sha256:4a99fe1768925e4a139aace8f3fb66db3576ee1c30b9c0f70f744ead7e329c9f",
                "sha256:4b41412df69ec06ab141808d12e0bf2823717b1c363bd77b4c0820feaa37249e",
                "sha256:4c8d8c6b80aa4a1689f2a179d31d86ae1367ea4a12855cc13aa3ba24bb36b2d8",
                "sha256:4d19f1a239d59f10fdc31263d48b7937c585810288376671eaf75380b074f238",
                "sha256:4e4a682b3f2489d218751981639cffc4e281d548f9d517addfd5a2917ac78119",
                "sha256:695c45cea7e8abb6f088a34a6034b1d273122e5530aeebb9c09626cea6dca4cb",
                "sha256:701189408b460a2ff42b984e6bd45c3f41f0ac9f5f58b8873bbedc511900086d",
                "sha256:70894c5345bea98321a2fe84df35f43ee7bb0feec117a71420c60459fc3e1eed",
                "sha256:8293a216e902ac12779eb7a08f2bc39ec6c878d7c6025aa59464e0c4c16f7eb9",
                "sha256:8d26b513225ffd3eacece727f4387bdce6469192ef029ca9dd469940158bc89e",
                "sha256:a197ad3a774f8e74f21e428f0de7f60ad26a8d23437b69638aac2764d1e06a6a",
                "sha256:bea55fc25b96c53affab852ad94bf111a3083bc1d8b0c76a61dd101d8a388cf5",
                "sha256:c9a084bce1061e55cdc0493a2ad890375af359c766b8ac311ac8120d3a472950",
                "sha256:d0e9464a0af6715852267bf29c9553e4555b61f5904a4fc538547a4d67617937",
                "sha256:d8e9187bfcd5ffedbe87403195e1fc340189a68463903c39e2b63307c9fa0394",
                "sha256:eaeaa0888b7f3ccb7bcd40b50497ca30923dba14f385bde4af78fac713d6d6f6",
                "sha256:f46af8d162f3d470d8ffc997aaf7a269996d205f9d746124a179d3abe05ac602",
                "sha256:f70a40410d774ae23fcb4afbbeca652905a04de7948eaf0b1789c8d1426b72d1",
                "sha256:fe91be1c51c90e2afe6827601ca14353bbf3953f343c2129fa1e247d55fd95ba"
            ],
            "index": "pypi",
            "version": "==1.2.0"
        },
        "mypy-extensions": {
            "hashes": [
                "sha256:4392f6c0eb8a5668a69e23d168ffa70f0be9ccfd32b5cc2d26a34ae5b844552d",
                "sha256:75dbf8955dc00442a438fc4d0666508a9a97b6bd41aa2f0ffe9d2f2725af0782"
            ],
            "index": "pypi",
            "version": "==1.0.0"
        },
        "mysql-connector-python": {
            "hashes": [
                "sha256:0004426e964856148e1cde31e9b8be63ae3013715b048ff0f2ede69a6ddd36f7",
                "sha256:016662c6252f2c5f47805d9168187be1316d0c1d7109f9fe668482c3d6e5711d",
                "sha256:241483065ad062256985e082e3cbb3e7d1d6d2275cee17c66d22525b09096201",
                "sha256:34d5c5f6ec7c1e75bf972def40d097138e097dc694e36dec89a5dd604ef7aada",
                "sha256:37eace5b7eb676a41ff1edc5cf6ce4ae1c28406d1a6fe84941e6aa396d688195",
                "sha256:3bedf8265fb31698e4144ca54e241e3386802c3a437745b1a536a74cbe7e4fb9",
                "sha256:41db4452a99ee28494313eab1aa7749475d3e39bed7b24a0868aee45bd0d9c73",
                "sha256:46ff8a10c13f39996d60f45c30cf2ea15e883bc71d58259ed2fea0a5a6fb93a3",
                "sha256:4c82fb70f44f2469c0879434c1d8ee3162f56a40cc8f5ca1cc4d97f06c84cd43",
                "sha256:7266d7b2550f9fe0cdcea1647aa6aade352e14095042b6a3921c9152cf8543e8",
                "sha256:7318f416b9defe84b2bd025304bab62b68f8d8fcbe479af5593161eff12ef169",
                "sha256:753d07fb39a67f7f35fe6e6a4fac12008287661de59f9d5c0bf4da3359d83eb8",
                "sha256:96f7fb0ccfe96e6e478e5f0f034c99bda961b99ffa1c746cee39cfea45b0c04d",
                "sha256:9775331fa60b5d5a6925781d77eee4384e2b54a12dea694ffdefd1cf1a9c0fdb",
                "sha256:984f5649e6abee04461d6f52fbc77387d7137b8fd003c54bac66505006f17183",
                "sha256:9f5eb33e29742c5f8ef23df2d3f0de0e46f4325e4324016e15aba7f8665a68c0",
                "sha256:a632d7b0e569a46e6d44e6cd3f8db747995a787a081870697dbfd3ae18949339",
                "sha256:af9feec311d8ea51261e1ef1f959a442708e30f0024d08d0fb537b07a1271634",
                "sha256:c20a85a69af41d2d7d5cf52106f0b9473775819d189487c6ff3d3f3946931ca2",
                "sha256:d8167868ebad8d78ba69babd028626e96a51365cab76edf735b2559731759b62",
                "sha256:db422b19347c5d00e078dd64e281e5b1e5a19a2d972dc2d9733b136d79c34798",
                "sha256:e853e12c00e3beabc581f4e039222708ee606fef80a3bac6b1f497ed89a31aea",
                "sha256:ea05590cb972b114efa027c343b4b7110d8e8450493984ebfb9a651e27674636",
                "sha256:f324233af7ec9fcb19c23096af27662459708c0465886cb017d78ff3f5b78b55",
                "sha256:f403ff22d3514d08028590fef463d17dc107ac72ea27a49429614949d82fda40"
            ],
            "index": "pypi",
            "version": "==8.0.33"
        },
        "protobuf": {
            "hashes": [
                "sha256:03038ac1cfbc41aa21f6afcbcd357281d7521b4157926f30ebecc8d4ea59dcb7",
                "sha256:28545383d61f55b57cf4df63eebd9827754fd2dc25f80c5253f9184235db242c",
                "sha256:2e3427429c9cffebf259491be0af70189607f365c2f41c7c3764af6f337105f2",
                "sha256:398a9e0c3eaceb34ec1aee71894ca3299605fa8e761544934378bbc6c97de23b",
                "sha256:44246bab5dd4b7fbd3c0c80b6f16686808fab0e4aca819ade6e8d294a29c7050",
                "sha256:447d43819997825d4e71bf5769d869b968ce96848b6479397e29fc24c4a5dfe9",
                "sha256:67a3598f0a2dcbc58d02dd1928544e7d88f764b47d4a286202913f0b2801c2e7",
                "sha256:74480f79a023f90dc6e18febbf7b8bac7508420f2006fabd512013c0c238f454",
                "sha256:819559cafa1a373b7096a482b504ae8a857c89593cf3a25af743ac9ecbd23480",
                "sha256:899dc660cd599d7352d6f10d83c95df430a38b410c1b66b407a6b29265d66469",
                "sha256:8c0c984a1b8fef4086329ff8dd19ac77576b384079247c770f29cc8ce3afa06c",
                "sha256:9aae4406ea63d825636cc11ffb34ad3379335803216ee3a856787bcf5ccc751e",
                "sha256:a7ca6d488aa8ff7f329d4c545b2dbad8ac31464f1d8b1c87ad1346717731e4db",
                "sha256:b6cc7ba72a8850621bfec987cb72623e703b7fe2b9127a161ce61e61558ad905",
                "sha256:bf01b5720be110540be4286e791db73f84a2b721072a3711efff6c324cdf074b",
                "sha256:c02ce36ec760252242a33967d51c289fd0e1c0e6e5cc9397e2279177716add86",
                "sha256:d9e4432ff660d67d775c66ac42a67cf2453c27cb4d738fc22cb53b5d84c135d4",
                "sha256:daa564862dd0d39c00f8086f88700fdbe8bc717e993a21e90711acfed02f2402",
                "sha256:de78575669dddf6099a8a0f46a27e82a1783c557ccc38ee620ed8cc96d3be7d7",
                "sha256:e64857f395505ebf3d2569935506ae0dfc4a15cb80dc25261176c784662cdcc4",
                "sha256:f4bd856d702e5b0d96a00ec6b307b0f51c1982c2bf9c0052cf9019e9a544ba99",
                "sha256:f4c42102bc82a51108e449cbb32b19b180022941c727bac0cfd50170341f16ee"
            ],
            "markers": "python_version >= '3.7'",
            "version": "==3.20.3"
        },
        "pycodestyle": {
            "hashes": [
                "sha256:347187bdb476329d98f695c213d7295a846d1152ff4fe9bacb8a9590b8ee7053",
                "sha256:8a4eaf0d0495c7395bdab3589ac2db602797d76207242c17d470186815706610"
            ],
            "markers": "python_version >= '3.6'",
            "version": "==2.10.0"
        },
        "pydantic": {
            "hashes": [
                "sha256:01aea3a42c13f2602b7ecbbea484a98169fb568ebd9e247593ea05f01b884b2e",
                "sha256:0cd181f1d0b1d00e2b705f1bf1ac7799a2d938cce3376b8007df62b29be3c2c6",
                "sha256:10a86d8c8db68086f1e30a530f7d5f83eb0685e632e411dbbcf2d5c0150e8dcd",
                "sha256:193924c563fae6ddcb71d3f06fa153866423ac1b793a47936656e806b64e24ca",
                "sha256:464855a7ff7f2cc2cf537ecc421291b9132aa9c79aef44e917ad711b4a93163b",
                "sha256:516f1ed9bc2406a0467dd777afc636c7091d71f214d5e413d64fef45174cfc7a",
                "sha256:6434b49c0b03a51021ade5c4daa7d70c98f7a79e95b551201fff682fc1661245",
                "sha256:64d34ab766fa056df49013bb6e79921a0265204c071984e75a09cbceacbbdd5d",
                "sha256:670bb4683ad1e48b0ecb06f0cfe2178dcf74ff27921cdf1606e527d2617a81ee",
                "sha256:68792151e174a4aa9e9fc1b4e653e65a354a2fa0fed169f7b3d09902ad2cb6f1",
                "sha256:701daea9ffe9d26f97b52f1d157e0d4121644f0fcf80b443248434958fd03dc3",
                "sha256:7d45fc99d64af9aaf7e308054a0067fdcd87ffe974f2442312372dfa66e1001d",
                "sha256:80b1fab4deb08a8292d15e43a6edccdffa5377a36a4597bb545b93e79c5ff0a5",
                "sha256:82dffb306dd20bd5268fd6379bc4bfe75242a9c2b79fec58e1041fbbdb1f7914",
                "sha256:8c7f51861d73e8b9ddcb9916ae7ac39fb52761d9ea0df41128e81e2ba42886cd",
                "sha256:950ce33857841f9a337ce07ddf46bc84e1c4946d2a3bba18f8280297157a3fd1",
                "sha256:976cae77ba6a49d80f461fd8bba183ff7ba79f44aa5cfa82f1346b5626542f8e",
                "sha256:9f6f0fd68d73257ad6685419478c5aece46432f4bdd8d32c7345f1986496171e",
                "sha256:a7cd2251439988b413cb0a985c4ed82b6c6aac382dbaff53ae03c4b23a70e80a",
                "sha256:abfb7d4a7cd5cc4e1d1887c43503a7c5dd608eadf8bc615413fc498d3e4645cd",
                "sha256:ae150a63564929c675d7f2303008d88426a0add46efd76c3fc797cd71cb1b46f",
                "sha256:b0f85904f73161817b80781cc150f8b906d521fa11e3cdabae19a581c3606209",
                "sha256:b4a849d10f211389502059c33332e91327bc154acc1845f375a99eca3afa802d",
                "sha256:c15582f9055fbc1bfe50266a19771bbbef33dd28c45e78afbe1996fd70966c2a",
                "sha256:c230c0d8a322276d6e7b88c3f7ce885f9ed16e0910354510e0bae84d54991143",
                "sha256:cc1dde4e50a5fc1336ee0581c1612215bc64ed6d28d2c7c6f25d2fe3e7c3e918",
                "sha256:cf135c46099ff3f919d2150a948ce94b9ce545598ef2c6c7bf55dca98a304b52",
                "sha256:cfc83c0678b6ba51b0532bea66860617c4cd4251ecf76e9846fa5a9f3454e97e",
                "sha256:d2a5ebb48958754d386195fe9e9c5106f11275867051bf017a8059410e9abf1f",
                "sha256:d71e69699498b020ea198468e2480a2f1e7433e32a3a99760058c6520e2bea7e",
                "sha256:d75ae19d2a3dbb146b6f324031c24f8a3f52ff5d6a9f22f0683694b3afcb16fb",
                "sha256:dfe2507b8ef209da71b6fb5f4e597b50c5a34b78d7e857c4f8f3115effaef5fe",
                "sha256:e0cfe895a504c060e5d36b287ee696e2fdad02d89e0d895f83037245218a87fe",
                "sha256:e79e999e539872e903767c417c897e729e015872040e56b96e67968c3b918b2d",
                "sha256:ecbbc51391248116c0a055899e6c3e7ffbb11fb5e2a4cd6f2d0b93272118a209",
                "sha256:f4a2b50e2b03d5776e7f21af73e2070e1b5c0d0df255a827e7c632962f8315af"
            ],
            "index": "pypi",
            "version": "==1.10.7"
        },
        "pyflakes": {
            "hashes": [
                "sha256:ec55bf7fe21fff7f1ad2f7da62363d749e2a470500eab1b555334b67aa1ef8cf",
                "sha256:ec8b276a6b60bd80defed25add7e439881c19e64850afd9b346283d4165fd0fd"
            ],
            "markers": "python_version >= '3.6'",
            "version": "==3.0.1"
        },
        "sniffio": {
            "hashes": [
                "sha256:e60305c5e5d314f5389259b7f22aaa33d8f7dee49763119234af3755c55b9101",
                "sha256:eecefdce1e5bbfb7ad2eeaabf7c1eeb404d7757c379bd1f7e5cce9d8bf425384"
            ],
            "index": "pypi",
            "version": "==1.3.0"
        },
        "sqlalchemy": {
            "hashes": [
                "sha256:03206576ca53f55b9de6e890273e498f4b2e6e687a9db9859bdcd21df5a63e53",
                "sha256:09205893a84b6bedae0453d3f384f5d2a6499b6e45ad977549894cdcd85d8f1c",
                "sha256:0e5501c78b5ab917f0f0f75ce7f0018f683a0a76e95f30e6561bf61c9ff69d43",
                "sha256:10f1ff0ebe21d2cea89ead231ba3ecf75678463ab85f19ce2ce91207620737f3",
                "sha256:1fac17c866111283cbcdb7024d646abb71fdd95f3ce975cf3710258bc55742fd",
                "sha256:297b752d4f30350b64175bbbd57dc94c061a35f5d1dba088d0a367dbbebabc94",
                "sha256:2a3101252f3de9a18561c1fb0a68b1ee465485990aba458d4510f214bd5a582c",
                "sha256:32762dba51b663609757f861584a722093487f53737e76474cc6e190904dc31b",
                "sha256:369f6564e68a9c60f0b9dde121def491e651a4ba8dcdd652a93f1cd5977cd85c",
                "sha256:3745dee26a7ee012598577ad3b8f6e6cd50a49b2afa0cde9db668da6bf2c2319",
                "sha256:3c053c3f4c4e45d4c8b27977647566c140d6de3f61a4e2acb92ea24cf9911c7f",
                "sha256:4ad525b9dd17b478a2ed8580d7f2bc46b0f5889153c6b1c099729583e395b4b9",
                "sha256:53b2c8adbcbb59732fb21a024aaa261983655845d86e3fc26a5676cec0ebaa09",
                "sha256:5d709f43caee115b03b707b8cbbcb8b303045dd7cdc825b6d29857d71f3425ae",
                "sha256:5e9d390727c11b9a7e583bf6770de36895c0936bddb98ae93ae99282e6428d5f",
                "sha256:6b1fa0ffc378a7061c452cb4a1f804fad1b3b8aa8d0552725531d27941b2e3ed",
                "sha256:6e1d50592cb24d1947c374c666add65ded7c181ec98a89ed17abbe9b8b2e2ff4",
                "sha256:77a06b0983faf9aa48ee6219d41ade39dee16ce90857cc181dbcf6918acd234d",
                "sha256:7eb25b981cbc9e7df9f56ad7ec4c6d77323090ca4b7147fcdc09d66535377759",
                "sha256:85b0efe1c71459ba435a6593f54a0e39334b16ba383e8010fdb9d0127ca51ba8",
                "sha256:87b2c2d13c3d1384859b60eabb3139e169ce68ada1d2963dbd0c7af797f16efe",
                "sha256:8aad66215a3817a7a1d535769773333250de2653c89b53f7e2d42b677d398027",
                "sha256:91f4b1bdc987ef85fe3a0ce5d26ac72ff8f60207b08272aa2a65494836391d69",
                "sha256:978bee4ecbcdadf087220618409fb9be9509458df479528b70308f0599c7c519",
                "sha256:9fe98e9d26778d7711ceee2c671741b4f54c74677668481d733d6f70747d7690",
                "sha256:a022c588c0f413f8cddf9fcc597dbf317efeac4186d8bff9aa7f3219258348b0",
                "sha256:a4709457f1c317e347051498b91fa2b86c4bcdebf93c84e6d121a4fc8a397307",
                "sha256:aec5fb36b53125554ecc2285526eb5cc31b21f6cb059993c1c5ca831959de052",
                "sha256:b6ceca432ce88ad12aab5b5896c343a1993c90b325d9193dcd055e73e18a0439",
                "sha256:b76c2fde827522e21922418325c1b95c2d795cdecfb4bc261e4d37965199ee7f",
                "sha256:bddfc5bd1dee5db0fddc9dab26f800c283f3243e7281bbf107200fed30125f9c",
                "sha256:bf83700faa9642388fbd3167db3f6cbb2e88cc8367b8c22204f3f408ee782d25",
                "sha256:c5268ec05c21e2ecf5bca09314bcaadfec01f02163088cd602db4379862958dd",
                "sha256:d9796d5c13b2b7f05084d0ce52528cf919f9bde9e0f10672a6393a4490415695",
                "sha256:dc67efd00ce7f428a446ce012673c03c63c5abb5dec3f33750087b8bdc173bf0",
                "sha256:dfd6385b662aea83e63dd4db5fe116eb11914022deb1745f0b57fa8470c18ffe",
                "sha256:e495ad05a13171fbb5d72fe5993469c8bceac42bcf6b8f9f117a518ee7fbc353",
                "sha256:e752c34f7a2057ebe82c856698b9f277c633d4aad006bddf7af74598567c8931",
                "sha256:f0843132168b44ca33c5e5a2046c954775dde8c580ce27f5cf2e134d0d9919e4",
                "sha256:f30c5608c64fc9c1fa9a16277eb4784f782362566fe40ff8d283358c8f2c5fe0",
                "sha256:f6ebadefc4331dda83c22519e1ea1e61104df6eb38abbb80ab91b0a8527a5c19"
            ],
            "index": "pypi",
            "version": "==2.0.12"
        },
        "starlette": {
            "hashes": [
                "sha256:41da799057ea8620e4667a3e69a5b1923ebd32b1819c8fa75634bbe8d8bea9bd",
                "sha256:e87fce5d7cbdde34b76f0ac69013fd9d190d581d80681493016666e6f96c6d5e"
            ],
            "index": "pypi",
            "version": "==0.26.1"
        },
        "typing-extensions": {
            "hashes": [
                "sha256:5cb5f4a79139d699607b3ef622a1dedafa84e115ab0024e0d9c044a9479ca7cb",
                "sha256:fb33085c39dd998ac16d1431ebc293a8b3eedd00fd4a32de0ff79002c19511b4"
            ],
            "index": "pypi",
            "version": "==4.5.0"
        },
        "uvicorn": {
            "hashes": [
                "sha256:0fac9cb342ba099e0d582966005f3fdba5b0290579fed4a6266dc702ca7bb032",
                "sha256:e47cac98a6da10cd41e6fd036d472c6f58ede6c5dbee3dbee3ef7a100ed97742"
            ],
            "index": "pypi",
            "version": "==0.21.1"
        }
    },
    "develop": {}
}
